
Microsoft Visual Studio Solution File, Format Version 12.00
Project("{FAE04EC0-301F-11D3-BF4B-00C04F79EFBC}") = "SundForluftAPI", "SundForluftAPI\SundForluftAPI.csproj", "{6DED673D-56B8-45DF-8632-7660518AB5F4}"
EndProject
Global
	GlobalSection(SolutionConfigurationPlatforms) = preSolution
		Debug|Any CPU = Debug|Any CPU
		Release|Any CPU = Release|Any CPU
	EndGlobalSection
	GlobalSection(ProjectConfigurationPlatforms) = postSolution
		{6DED673D-56B8-45DF-8632-7660518AB5F4}.Debug|Any CPU.ActiveCfg = Debug|Any CPU
		{6DED673D-56B8-45DF-8632-7660518AB5F4}.Debug|Any CPU.Build.0 = Debug|Any CPU
		{6DED673D-56B8-45DF-8632-7660518AB5F4}.Release|Any CPU.ActiveCfg = Release|Any CPU
		{6DED673D-56B8-45DF-8632-7660518AB5F4}.Release|Any CPU.Build.0 = Release|Any CPU
	EndGlobalSection
EndGlobal
